<?xml version="1.0" encoding="utf-8"?>
<Project ToolsVersion="Current" xmlns="http://schemas.microsoft.com/developer/msbuild/2003">
  <ItemGroup>
    <CudaCompile Include="raytracing\main_raytracing.cu">
      <Filter>Raytracing\kernel</Filter>
    </CudaCompile>
    <CudaCompile Include="RayTracing\GPUScene.h">
      <Filter>Raytracing\kernel</Filter>
    </CudaCompile>
    <CudaCompile Include="RayTracing\Random.cu">
      <Filter>Raytracing\kernel</Filter>
    </CudaCompile>
  </ItemGroup>
  <ItemGroup>
    <ClCompile Include="main.cpp" />
    <ClCompile Include="raytracing\RayTracing.h">
      <Filter>Raytracing</Filter>
    </ClCompile>
    <ClCompile Include="utils\CUDATexture.cpp">
      <Filter>Utils</Filter>
    </ClCompile>
    <ClCompile Include="raytracing\RayTracing.cpp">
      <Filter>Raytracing</Filter>
    </ClCompile>
    <ClCompile Include="utils\image\DDSLoader.cpp">
      <Filter>Utils\image</Filter>
    </ClCompile>
    <ClCompile Include="utils\FileLoader.cpp">
      <Filter>Utils</Filter>
    </ClCompile>
    <ClCompile Include="RayTracing\Scene.cpp">
      <Filter>Raytracing</Filter>
    </ClCompile>
    <ClCompile Include="utils\AssimpLoader.cpp">
      <Filter>Utils</Filter>
    </ClCompile>
  </ItemGroup>
  <ItemGroup>
    <ClInclude Include="utils\CUDAHelper.h">
      <Filter>Utils</Filter>
    </ClInclude>
    <ClInclude Include="utils\CUDATexture.h">
      <Filter>Utils</Filter>
    </ClInclude>
    <ClInclude Include="RayTracing\Math.h">
      <Filter>Raytracing\kernel</Filter>
    </ClInclude>
    <ClInclude Include="raytracing\Scene.h">
      <Filter>Raytracing</Filter>
    </ClInclude>
    <ClInclude Include="utils\image\DDS.h">
      <Filter>Utils\image</Filter>
    </ClInclude>
    <ClInclude Include="utils\image\DDSLoaderHelpers.h">
      <Filter>Utils\image</Filter>
    </ClInclude>
    <ClInclude Include="utils\image\DXGIFormat.h">
      <Filter>Utils\image</Filter>
    </ClInclude>
    <ClInclude Include="pch.h" />
    <ClInclude Include="utils\image\DDSLoader.h">
      <Filter>Utils\image</Filter>
    </ClInclude>
    <ClInclude Include="utils\FileLoader.h">
      <Filter>Utils</Filter>
    </ClInclude>
    <ClInclude Include="RayTracing\Random.h">
      <Filter>Raytracing\kernel</Filter>
    </ClInclude>
    <ClInclude Include="utils\Memory.h">
      <Filter>Utils</Filter>
    </ClInclude>
    <ClInclude Include="utils\AssimpLoader.h">
      <Filter>Utils</Filter>
    </ClInclude>
  </ItemGroup>
  <ItemGroup>
    <Filter Include="Raytracing">
      <UniqueIdentifier>{9b91b5ea-28c1-48a0-bf45-7d622e1eb69b}</UniqueIdentifier>
    </Filter>
    <Filter Include="Raytracing\kernel">
      <UniqueIdentifier>{f403cb50-41e9-4d29-8458-14b539ffca1f}</UniqueIdentifier>
    </Filter>
    <Filter Include="Utils">
      <UniqueIdentifier>{1810513b-f931-4c0f-9d8a-3d102137110d}</UniqueIdentifier>
    </Filter>
    <Filter Include="Utils\image">
      <UniqueIdentifier>{5c12c7fb-ba11-409e-8868-9df15632a7b4}</UniqueIdentifier>
    </Filter>
  </ItemGroup>
  <ItemGroup>
    <Xml Include="vcpkg.json" />
  </ItemGroup>
</Project>